
Microsoft Visual Studio Solution File, Format Version 12.00
# Visual Studio Version 16
VisualStudioVersion = 16.0.30803.129
MinimumVisualStudioVersion = 10.0.40219.1
Project("{9A19103F-16F7-4668-BE54-9A1E7A4F7556}") = "PSGitCompletions", "src\PSGitCompletions\PSGitCompletions.csproj", "{4FF89148-2B63-43FA-A9BB-FF499F6BEDD9}"
EndProject
Project("{9A19103F-16F7-4668-BE54-9A1E7A4F7556}") = "PSGitCompletionsTests", "test\PSGitCompletionsTests\PSGitCompletionsTests.csproj", "{30C4FD3C-3221-4CBA-85B4-FD0D925B751E}"
EndProject
Global
	GlobalSection(SolutionConfigurationPlatforms) = preSolution
		Debug|Any CPU = Debug|Any CPU
		Release|Any CPU = Release|Any CPU
	EndGlobalSection
	GlobalSection(ProjectConfigurationPlatforms) = postSolution
		{4FF89148-2B63-43FA-A9BB-FF499F6BEDD9}.Debug|Any CPU.ActiveCfg = Debug|Any CPU
		{4FF89148-2B63-43FA-A9BB-FF499F6BEDD9}.Debug|Any CPU.Build.0 = Debug|Any CPU
		{4FF89148-2B63-43FA-A9BB-FF499F6BEDD9}.Release|Any CPU.ActiveCfg = Release|Any CPU
		{4FF89148-2B63-43FA-A9BB-FF499F6BEDD9}.Release|Any CPU.Build.0 = Release|Any CPU
		{30C4FD3C-3221-4CBA-85B4-FD0D925B751E}.Debug|Any CPU.ActiveCfg = Debug|Any CPU
		{30C4FD3C-3221-4CBA-85B4-FD0D925B751E}.Debug|Any CPU.Build.0 = Debug|Any CPU
		{30C4FD3C-3221-4CBA-85B4-FD0D925B751E}.Release|Any CPU.ActiveCfg = Release|Any CPU
		{30C4FD3C-3221-4CBA-85B4-FD0D925B751E}.Release|Any CPU.Build.0 = Release|Any CPU
	EndGlobalSection
	GlobalSection(SolutionProperties) = preSolution
		HideSolutionNode = FALSE
	EndGlobalSection
	GlobalSection(ExtensibilityGlobals) = postSolution
		SolutionGuid = {56BF5147-5040-4C4A-8B93-85C8198CA93C}
	EndGlobalSection
EndGlobal
